
Microsoft Visual Studio Solution File, Format Version 12.00
# Visual Studio Version 17
VisualStudioVersion = 17.10.35013.160
MinimumVisualStudioVersion = 10.0.40219.1
Project("{FAE04EC0-301F-11D3-BF4B-00C04F79EFBC}") = "controlFlow", "controlFlow\controlFlow.csproj", "{8A031AE0-9471-48E0-9462-A2BAF4BF8C30}"
EndProject
Global
	GlobalSection(SolutionConfigurationPlatforms) = preSolution
		Debug|Any CPU = Debug|Any CPU
		Release|Any CPU = Release|Any CPU
	EndGlobalSection
	GlobalSection(ProjectConfigurationPlatforms) = postSolution
		{8A031AE0-9471-48E0-9462-A2BAF4BF8C30}.Debug|Any CPU.ActiveCfg = Debug|Any CPU
		{8A031AE0-9471-48E0-9462-A2BAF4BF8C30}.Debug|Any CPU.Build.0 = Debug|Any CPU
		{8A031AE0-9471-48E0-9462-A2BAF4BF8C30}.Release|Any CPU.ActiveCfg = Release|Any CPU
		{8A031AE0-9471-48E0-9462-A2BAF4BF8C30}.Release|Any CPU.Build.0 = Release|Any CPU
	EndGlobalSection
	GlobalSection(SolutionProperties) = preSolution
		HideSolutionNode = FALSE
	EndGlobalSection
	GlobalSection(ExtensibilityGlobals) = postSolution
		SolutionGuid = {BE51A1AD-A8C3-4B71-8174-60C671744FEE}
	EndGlobalSection
EndGlobal
